
Microsoft Visual Studio Solution File, Format Version 12.00
# Visual Studio 15
VisualStudioVersion = 15.0.27428.1
MinimumVisualStudioVersion = 10.0.40219.1
Project("{FAE04EC0-301F-11D3-BF4B-00C04F79EFBC}") = "Composite", "Composite\Composite.csproj", "{6A5A58B7-10BE-457D-B783-224C029394B1}"
EndProject
Global
	GlobalSection(SolutionConfigurationPlatforms) = preSolution
		Debug|Any CPU = Debug|Any CPU
		Release|Any CPU = Release|Any CPU
	EndGlobalSection
	GlobalSection(ProjectConfigurationPlatforms) = postSolution
		{6A5A58B7-10BE-457D-B783-224C029394B1}.Debug|Any CPU.ActiveCfg = Debug|Any CPU
		{6A5A58B7-10BE-457D-B783-224C029394B1}.Debug|Any CPU.Build.0 = Debug|Any CPU
		{6A5A58B7-10BE-457D-B783-224C029394B1}.Release|Any CPU.ActiveCfg = Release|Any CPU
		{6A5A58B7-10BE-457D-B783-224C029394B1}.Release|Any CPU.Build.0 = Release|Any CPU
	EndGlobalSection
	GlobalSection(SolutionProperties) = preSolution
		HideSolutionNode = FALSE
	EndGlobalSection
	GlobalSection(ExtensibilityGlobals) = postSolution
		SolutionGuid = {D358BEB9-7830-4150-B1C6-A281F6342D7C}
	EndGlobalSection
EndGlobal
